
Microsoft Visual Studio Solution File, Format Version 12.00
# Visual Studio Version 17
VisualStudioVersion = 17.7.34024.191
MinimumVisualStudioVersion = 10.0.40219.1
Project("{FAE04EC0-301F-11D3-BF4B-00C04F79EFBC}") = "Outils-monnaie", "Outils-monnaie.csproj", "{4A97DBF9-AA72-435B-A51F-DD37B6D55525}"
EndProject
Global
	GlobalSection(SolutionConfigurationPlatforms) = preSolution
		Debug|Any CPU = Debug|Any CPU
		Release|Any CPU = Release|Any CPU
	EndGlobalSection
	GlobalSection(ProjectConfigurationPlatforms) = postSolution
		{4A97DBF9-AA72-435B-A51F-DD37B6D55525}.Debug|Any CPU.ActiveCfg = Debug|Any CPU
		{4A97DBF9-AA72-435B-A51F-DD37B6D55525}.Debug|Any CPU.Build.0 = Debug|Any CPU
		{4A97DBF9-AA72-435B-A51F-DD37B6D55525}.Release|Any CPU.ActiveCfg = Release|Any CPU
		{4A97DBF9-AA72-435B-A51F-DD37B6D55525}.Release|Any CPU.Build.0 = Release|Any CPU
	EndGlobalSection
	GlobalSection(SolutionProperties) = preSolution
		HideSolutionNode = FALSE
	EndGlobalSection
	GlobalSection(ExtensibilityGlobals) = postSolution
		SolutionGuid = {54365E33-5D8A-4A5E-9726-7FBF7D6CF68E}
	EndGlobalSection
EndGlobal
